
Microsoft Visual Studio Solution File, Format Version 12.00
# Visual Studio 15
VisualStudioVersion = 15.0.27703.2026
MinimumVisualStudioVersion = 10.0.40219.1
Project("{FAE04EC0-301F-11D3-BF4B-00C04F79EFBC}") = "DllReader2", "DllReader2\DllReader2.csproj", "{B34CE8DC-4FDB-4433-96B6-6E2AE2DEA2E8}"
EndProject
Global
	GlobalSection(SolutionConfigurationPlatforms) = preSolution
		Debug|Any CPU = Debug|Any CPU
		Release|Any CPU = Release|Any CPU
	EndGlobalSection
	GlobalSection(ProjectConfigurationPlatforms) = postSolution
		{B34CE8DC-4FDB-4433-96B6-6E2AE2DEA2E8}.Debug|Any CPU.ActiveCfg = Debug|Any CPU
		{B34CE8DC-4FDB-4433-96B6-6E2AE2DEA2E8}.Debug|Any CPU.Build.0 = Debug|Any CPU
		{B34CE8DC-4FDB-4433-96B6-6E2AE2DEA2E8}.Release|Any CPU.ActiveCfg = Release|Any CPU
		{B34CE8DC-4FDB-4433-96B6-6E2AE2DEA2E8}.Release|Any CPU.Build.0 = Release|Any CPU
	EndGlobalSection
	GlobalSection(SolutionProperties) = preSolution
		HideSolutionNode = FALSE
	EndGlobalSection
	GlobalSection(ExtensibilityGlobals) = postSolution
		SolutionGuid = {222BB29B-3E04-4EA8-8ABC-176BCEF07687}
	EndGlobalSection
EndGlobal
